
Microsoft Visual Studio Solution File, Format Version 12.00
# Visual Studio Version 17
VisualStudioVersion = 17.1.32203.90
MinimumVisualStudioVersion = 10.0.40219.1
Project("{9A19103F-16F7-4668-BE54-9A1E7A4F7556}") = "FastGithub", "FastGithub\FastGithub.csproj", "{C1099390-6103-4917-A740-A3002B542FE0}"
EndProject
Project("{9A19103F-16F7-4668-BE54-9A1E7A4F7556}") = "FastGithub.Http", "FastGithub.Http\FastGithub.Http.csproj", "{B5DCB3E4-5094-4170-B844-6F395002CA42}"
EndProject
Project("{9A19103F-16F7-4668-BE54-9A1E7A4F7556}") = "FastGithub.DomainResolve", "FastGithub.DomainResolve\FastGithub.DomainResolve.csproj", "{5D26ABDD-F341-4EB7-9D08-FCB80F79B4B4}"
EndProject
Project("{9A19103F-16F7-4668-BE54-9A1E7A4F7556}") = "FastGithub.Configuration", "FastGithub.Configuration\FastGithub.Configuration.csproj", "{C63CEBB1-56DA-4AC3-BDC9-52424EC292A0}"
EndProject
Project("{9A19103F-16F7-4668-BE54-9A1E7A4F7556}") = "FastGithub.HttpServer", "FastGithub.HttpServer\FastGithub.HttpServer.csproj", "{C9807DA0-4620-445E-ABBF-57A617B8E773}"
EndProject
Project("{9A19103F-16F7-4668-BE54-9A1E7A4F7556}") = "FastGithub.PacketIntercept", "FastGithub.PacketIntercept\FastGithub.PacketIntercept.csproj", "{701FF90C-E651-4E0B-AE7F-84D1F17DD178}"
EndProject
Project("{9A19103F-16F7-4668-BE54-9A1E7A4F7556}") = "FastGithub.UI", "FastGithub.UI\FastGithub.UI.csproj", "{5082061F-38D5-4F50-945E-791C85B9BDB5}"
EndProject
Project("{9A19103F-16F7-4668-BE54-9A1E7A4F7556}") = "FastGithub.FlowAnalyze", "FastGithub.FlowAnalyze\FastGithub.FlowAnalyze.csproj", "{93478EAF-739C-47DA-B8FE-AEBA78A75E11}"
EndProject
Global
	GlobalSection(SolutionConfigurationPlatforms) = preSolution
		Debug|Any CPU = Debug|Any CPU
		Release|Any CPU = Release|Any CPU
	EndGlobalSection
	GlobalSection(ProjectConfigurationPlatforms) = postSolution
		{C1099390-6103-4917-A740-A3002B542FE0}.Debug|Any CPU.ActiveCfg = Debug|Any CPU
		{C1099390-6103-4917-A740-A3002B542FE0}.Debug|Any CPU.Build.0 = Debug|Any CPU
		{C1099390-6103-4917-A740-A3002B542FE0}.Release|Any CPU.ActiveCfg = Release|Any CPU
		{C1099390-6103-4917-A740-A3002B542FE0}.Release|Any CPU.Build.0 = Release|Any CPU
		{B5DCB3E4-5094-4170-B844-6F395002CA42}.Debug|Any CPU.ActiveCfg = Debug|Any CPU
		{B5DCB3E4-5094-4170-B844-6F395002CA42}.Debug|Any CPU.Build.0 = Debug|Any CPU
		{B5DCB3E4-5094-4170-B844-6F395002CA42}.Release|Any CPU.ActiveCfg = Release|Any CPU
		{B5DCB3E4-5094-4170-B844-6F395002CA42}.Release|Any CPU.Build.0 = Release|Any CPU
		{5D26ABDD-F341-4EB7-9D08-FCB80F79B4B4}.Debug|Any CPU.ActiveCfg = Debug|Any CPU
		{5D26ABDD-F341-4EB7-9D08-FCB80F79B4B4}.Debug|Any CPU.Build.0 = Debug|Any CPU
		{5D26ABDD-F341-4EB7-9D08-FCB80F79B4B4}.Release|Any CPU.ActiveCfg = Release|Any CPU
		{5D26ABDD-F341-4EB7-9D08-FCB80F79B4B4}.Release|Any CPU.Build.0 = Release|Any CPU
		{C63CEBB1-56DA-4AC3-BDC9-52424EC292A0}.Debug|Any CPU.ActiveCfg = Debug|Any CPU
		{C63CEBB1-56DA-4AC3-BDC9-52424EC292A0}.Debug|Any CPU.Build.0 = Debug|Any CPU
		{C63CEBB1-56DA-4AC3-BDC9-52424EC292A0}.Release|Any CPU.ActiveCfg = Release|Any CPU
		{C63CEBB1-56DA-4AC3-BDC9-52424EC292A0}.Release|Any CPU.Build.0 = Release|Any CPU
		{C9807DA0-4620-445E-ABBF-57A617B8E773}.Debug|Any CPU.ActiveCfg = Debug|Any CPU
		{C9807DA0-4620-445E-ABBF-57A617B8E773}.Debug|Any CPU.Build.0 = Debug|Any CPU
		{C9807DA0-4620-445E-ABBF-57A617B8E773}.Release|Any CPU.ActiveCfg = Release|Any CPU
		{C9807DA0-4620-445E-ABBF-57A617B8E773}.Release|Any CPU.Build.0 = Release|Any CPU
		{701FF90C-E651-4E0B-AE7F-84D1F17DD178}.Debug|Any CPU.ActiveCfg = Debug|Any CPU
		{701FF90C-E651-4E0B-AE7F-84D1F17DD178}.Debug|Any CPU.Build.0 = Debug|Any CPU
		{701FF90C-E651-4E0B-AE7F-84D1F17DD178}.Release|Any CPU.ActiveCfg = Release|Any CPU
		{701FF90C-E651-4E0B-AE7F-84D1F17DD178}.Release|Any CPU.Build.0 = Release|Any CPU
		{5082061F-38D5-4F50-945E-791C85B9BDB5}.Debug|Any CPU.ActiveCfg = Debug|Any CPU
		{5082061F-38D5-4F50-945E-791C85B9BDB5}.Debug|Any CPU.Build.0 = Debug|Any CPU
		{5082061F-38D5-4F50-945E-791C85B9BDB5}.Release|Any CPU.ActiveCfg = Release|Any CPU
		{5082061F-38D5-4F50-945E-791C85B9BDB5}.Release|Any CPU.Build.0 = Release|Any CPU
		{93478EAF-739C-47DA-B8FE-AEBA78A75E11}.Debug|Any CPU.ActiveCfg = Debug|Any CPU
		{93478EAF-739C-47DA-B8FE-AEBA78A75E11}.Debug|Any CPU.Build.0 = Debug|Any CPU
		{93478EAF-739C-47DA-B8FE-AEBA78A75E11}.Release|Any CPU.ActiveCfg = Release|Any CPU
		{93478EAF-739C-47DA-B8FE-AEBA78A75E11}.Release|Any CPU.Build.0 = Release|Any CPU
	EndGlobalSection
	GlobalSection(SolutionProperties) = preSolution
		HideSolutionNode = FALSE
	EndGlobalSection
	GlobalSection(ExtensibilityGlobals) = postSolution
		SolutionGuid = {AC66D417-C355-4DFD-BC3C-DD0383F855D3}
	EndGlobalSection
EndGlobal
