
Microsoft Visual Studio Solution File, Format Version 12.00
# Visual Studio Version 16
VisualStudioVersion = 16.0.31320.298
MinimumVisualStudioVersion = 10.0.40219.1
Project("{9A19103F-16F7-4668-BE54-9A1E7A4F7556}") = "FastGithub", "FastGithub\FastGithub.csproj", "{C1099390-6103-4917-A740-A3002B542FE0}"
EndProject
Project("{9A19103F-16F7-4668-BE54-9A1E7A4F7556}") = "FastGithub.Core", "FastGithub.Core\FastGithub.Core.csproj", "{4E4841D2-F743-40BB-BE28-729DB53775CC}"
EndProject
Project("{9A19103F-16F7-4668-BE54-9A1E7A4F7556}") = "FastGithub.Dns", "FastGithub.Dns\FastGithub.Dns.csproj", "{43FF9C79-51D5-4037-AA0B-CA3006E2A7E6}"
EndProject
Project("{9A19103F-16F7-4668-BE54-9A1E7A4F7556}") = "FastGithub.Scanner", "FastGithub.Scanner\FastGithub.Scanner.csproj", "{7F24CD2F-07C0-4002-A534-80688DE95ECF}"
EndProject
Global
	GlobalSection(SolutionConfigurationPlatforms) = preSolution
		Debug|Any CPU = Debug|Any CPU
		Release|Any CPU = Release|Any CPU
	EndGlobalSection
	GlobalSection(ProjectConfigurationPlatforms) = postSolution
		{C1099390-6103-4917-A740-A3002B542FE0}.Debug|Any CPU.ActiveCfg = Debug|Any CPU
		{C1099390-6103-4917-A740-A3002B542FE0}.Debug|Any CPU.Build.0 = Debug|Any CPU
		{C1099390-6103-4917-A740-A3002B542FE0}.Release|Any CPU.ActiveCfg = Release|Any CPU
		{C1099390-6103-4917-A740-A3002B542FE0}.Release|Any CPU.Build.0 = Release|Any CPU
		{4E4841D2-F743-40BB-BE28-729DB53775CC}.Debug|Any CPU.ActiveCfg = Debug|Any CPU
		{4E4841D2-F743-40BB-BE28-729DB53775CC}.Debug|Any CPU.Build.0 = Debug|Any CPU
		{4E4841D2-F743-40BB-BE28-729DB53775CC}.Release|Any CPU.ActiveCfg = Release|Any CPU
		{4E4841D2-F743-40BB-BE28-729DB53775CC}.Release|Any CPU.Build.0 = Release|Any CPU
		{43FF9C79-51D5-4037-AA0B-CA3006E2A7E6}.Debug|Any CPU.ActiveCfg = Debug|Any CPU
		{43FF9C79-51D5-4037-AA0B-CA3006E2A7E6}.Debug|Any CPU.Build.0 = Debug|Any CPU
		{43FF9C79-51D5-4037-AA0B-CA3006E2A7E6}.Release|Any CPU.ActiveCfg = Release|Any CPU
		{43FF9C79-51D5-4037-AA0B-CA3006E2A7E6}.Release|Any CPU.Build.0 = Release|Any CPU
		{7F24CD2F-07C0-4002-A534-80688DE95ECF}.Debug|Any CPU.ActiveCfg = Debug|Any CPU
		{7F24CD2F-07C0-4002-A534-80688DE95ECF}.Debug|Any CPU.Build.0 = Debug|Any CPU
		{7F24CD2F-07C0-4002-A534-80688DE95ECF}.Release|Any CPU.ActiveCfg = Release|Any CPU
		{7F24CD2F-07C0-4002-A534-80688DE95ECF}.Release|Any CPU.Build.0 = Release|Any CPU
	EndGlobalSection
	GlobalSection(SolutionProperties) = preSolution
		HideSolutionNode = FALSE
	EndGlobalSection
	GlobalSection(ExtensibilityGlobals) = postSolution
		SolutionGuid = {AC66D417-C355-4DFD-BC3C-DD0383F855D3}
	EndGlobalSection
EndGlobal
