
Microsoft Visual Studio Solution File, Format Version 12.00
# Visual Studio Version 16
VisualStudioVersion = 16.0.31320.298
MinimumVisualStudioVersion = 10.0.40219.1
Project("{9A19103F-16F7-4668-BE54-9A1E7A4F7556}") = "FastGithub", "FastGithub\FastGithub.csproj", "{C1099390-6103-4917-A740-A3002B542FE0}"
EndProject
Project("{9A19103F-16F7-4668-BE54-9A1E7A4F7556}") = "FastGithub.Core", "FastGithub.Core\FastGithub.Core.csproj", "{4E4841D2-F743-40BB-BE28-729DB53775CC}"
EndProject
Project("{9A19103F-16F7-4668-BE54-9A1E7A4F7556}") = "FastGithub.Dns", "FastGithub.Dns\FastGithub.Dns.csproj", "{43FF9C79-51D5-4037-AA0B-CA3006E2A7E6}"
EndProject
Project("{9A19103F-16F7-4668-BE54-9A1E7A4F7556}") = "FastGithub.Upgrade", "FastGithub.Upgrade\FastGithub.Upgrade.csproj", "{8239A077-A84C-4FDF-A204-02A2DE4243F3}"
EndProject
Project("{9A19103F-16F7-4668-BE54-9A1E7A4F7556}") = "FastGithub.ReverseProxy", "FastGithub.ReverseProxy\FastGithub.ReverseProxy.csproj", "{28326D0F-B0FB-4B6B-A65A-C69ACB72CAD8}"
EndProject
Project("{FAE04EC0-301F-11D3-BF4B-00C04F79EFBC}") = "FastGithub.Dns.DnscryptProxy", "FastGithub.Dns.DnscryptProxy\FastGithub.Dns.DnscryptProxy.csproj", "{CA5B4643-DD1B-42D1-BAF0-589FB0A0D4A4}"
EndProject
Global
	GlobalSection(SolutionConfigurationPlatforms) = preSolution
		Debug|Any CPU = Debug|Any CPU
		Release|Any CPU = Release|Any CPU
	EndGlobalSection
	GlobalSection(ProjectConfigurationPlatforms) = postSolution
		{C1099390-6103-4917-A740-A3002B542FE0}.Debug|Any CPU.ActiveCfg = Debug|Any CPU
		{C1099390-6103-4917-A740-A3002B542FE0}.Debug|Any CPU.Build.0 = Debug|Any CPU
		{C1099390-6103-4917-A740-A3002B542FE0}.Release|Any CPU.ActiveCfg = Release|Any CPU
		{C1099390-6103-4917-A740-A3002B542FE0}.Release|Any CPU.Build.0 = Release|Any CPU
		{4E4841D2-F743-40BB-BE28-729DB53775CC}.Debug|Any CPU.ActiveCfg = Debug|Any CPU
		{4E4841D2-F743-40BB-BE28-729DB53775CC}.Debug|Any CPU.Build.0 = Debug|Any CPU
		{4E4841D2-F743-40BB-BE28-729DB53775CC}.Release|Any CPU.ActiveCfg = Release|Any CPU
		{4E4841D2-F743-40BB-BE28-729DB53775CC}.Release|Any CPU.Build.0 = Release|Any CPU
		{43FF9C79-51D5-4037-AA0B-CA3006E2A7E6}.Debug|Any CPU.ActiveCfg = Debug|Any CPU
		{43FF9C79-51D5-4037-AA0B-CA3006E2A7E6}.Debug|Any CPU.Build.0 = Debug|Any CPU
		{43FF9C79-51D5-4037-AA0B-CA3006E2A7E6}.Release|Any CPU.ActiveCfg = Release|Any CPU
		{43FF9C79-51D5-4037-AA0B-CA3006E2A7E6}.Release|Any CPU.Build.0 = Release|Any CPU
		{8239A077-A84C-4FDF-A204-02A2DE4243F3}.Debug|Any CPU.ActiveCfg = Debug|Any CPU
		{8239A077-A84C-4FDF-A204-02A2DE4243F3}.Debug|Any CPU.Build.0 = Debug|Any CPU
		{8239A077-A84C-4FDF-A204-02A2DE4243F3}.Release|Any CPU.ActiveCfg = Release|Any CPU
		{8239A077-A84C-4FDF-A204-02A2DE4243F3}.Release|Any CPU.Build.0 = Release|Any CPU
		{28326D0F-B0FB-4B6B-A65A-C69ACB72CAD8}.Debug|Any CPU.ActiveCfg = Debug|Any CPU
		{28326D0F-B0FB-4B6B-A65A-C69ACB72CAD8}.Debug|Any CPU.Build.0 = Debug|Any CPU
		{28326D0F-B0FB-4B6B-A65A-C69ACB72CAD8}.Release|Any CPU.ActiveCfg = Release|Any CPU
		{28326D0F-B0FB-4B6B-A65A-C69ACB72CAD8}.Release|Any CPU.Build.0 = Release|Any CPU
		{CA5B4643-DD1B-42D1-BAF0-589FB0A0D4A4}.Debug|Any CPU.ActiveCfg = Debug|Any CPU
		{CA5B4643-DD1B-42D1-BAF0-589FB0A0D4A4}.Debug|Any CPU.Build.0 = Debug|Any CPU
		{CA5B4643-DD1B-42D1-BAF0-589FB0A0D4A4}.Release|Any CPU.ActiveCfg = Release|Any CPU
		{CA5B4643-DD1B-42D1-BAF0-589FB0A0D4A4}.Release|Any CPU.Build.0 = Release|Any CPU
	EndGlobalSection
	GlobalSection(SolutionProperties) = preSolution
		HideSolutionNode = FALSE
	EndGlobalSection
	GlobalSection(ExtensibilityGlobals) = postSolution
		SolutionGuid = {AC66D417-C355-4DFD-BC3C-DD0383F855D3}
	EndGlobalSection
EndGlobal
